
Microsoft Visual Studio Solution File, Format Version 12.00
# Visual Studio Version 16
VisualStudioVersion = 16.0.31911.196
MinimumVisualStudioVersion = 10.0.40219.1
Project("{FAE04EC0-301F-11D3-BF4B-00C04F79EFBC}") = "pax2tlu", "pax2tlu.csproj", "{8F576F22-2D8E-401B-A22B-87B9B8DFB2C5}"
EndProject
Global
	GlobalSection(SolutionConfigurationPlatforms) = preSolution
		Debug|Any CPU = Debug|Any CPU
		Release|Any CPU = Release|Any CPU
	EndGlobalSection
	GlobalSection(ProjectConfigurationPlatforms) = postSolution
		{8F576F22-2D8E-401B-A22B-87B9B8DFB2C5}.Debug|Any CPU.ActiveCfg = Debug|Any CPU
		{8F576F22-2D8E-401B-A22B-87B9B8DFB2C5}.Debug|Any CPU.Build.0 = Debug|Any CPU
		{8F576F22-2D8E-401B-A22B-87B9B8DFB2C5}.Release|Any CPU.ActiveCfg = Release|Any CPU
		{8F576F22-2D8E-401B-A22B-87B9B8DFB2C5}.Release|Any CPU.Build.0 = Release|Any CPU
	EndGlobalSection
	GlobalSection(SolutionProperties) = preSolution
		HideSolutionNode = FALSE
	EndGlobalSection
	GlobalSection(ExtensibilityGlobals) = postSolution
		SolutionGuid = {783EC46E-0B59-491E-9538-9EEFFB8AC7E8}
	EndGlobalSection
EndGlobal
